// !$*UTF8*$!
{
	archiveVersion = 1;
	classes = {
	};
	objectVersion = 56;
	objects = {

/* Begin PBXBuildFile section */
		2CEEBE6B2A2E60AF000A9B8A /* AppDelegate.swift in Sources */ = {isa = PBXBuildFile; fileRef = 2CEEBE6A2A2E60AF000A9B8A /* AppDelegate.swift */; };
		2CEEBE6D2A2E60AF000A9B8A /* SceneDelegate.swift in Sources */ = {isa = PBXBuildFile; fileRef = 2CEEBE6C2A2E60AF000A9B8A /* SceneDelegate.swift */; };
		2CEEBE6F2A2E60AF000A9B8A /* ViewController.swift in Sources */ = {isa = PBXBuildFile; fileRef = 2CEEBE6E2A2E60AF000A9B8A /* ViewController.swift */; };
		2CEEBE722A2E60AF000A9B8A /* Main.storyboard in Resources */ = {isa = PBXBuildFile; fileRef = 2CEEBE702A2E60AF000A9B8A /* Main.storyboard */; };
		2CEEBE742A2E60B5000A9B8A /* Assets.xcassets in Resources */ = {isa = PBXBuildFile; fileRef = 2CEEBE732A2E60B5000A9B8A /* Assets.xcassets */; };
		2CEEBE772A2E60B5000A9B8A /* LaunchScreen.storyboard in Resources */ = {isa = PBXBuildFile; fileRef = 2CEEBE752A2E60B5000A9B8A /* LaunchScreen.storyboard */; };
		2CEEBE802A2E6100000A9B8A /* TestView.swift in Sources */ = {isa = PBXBuildFile; fileRef = 2CEEBE7E2A2E6100000A9B8A /* TestView.swift */; };
		2CEEBE812A2E6100000A9B8A /* TestView.xib in Resources */ = {isa = PBXBuildFile; fileRef = 2CEEBE7F2A2E6100000A9B8A /* TestView.xib */; };
/* End PBXBuildFile section */

/* Begin PBXFileReference section */
		2CEEBE672A2E60AF000A9B8A /* Lesson04_add02.app */ = {isa = PBXFileReference; explicitFileType = wrapper.application; includeInIndex = 0; path = Lesson04_add02.app; sourceTree = BUILT_PRODUCTS_DIR; };
		2CEEBE6A2A2E60AF000A9B8A /* AppDelegate.swift */ = {isa = PBXFileReference; lastKnownFileType = sourcecode.swift; path = AppDelegate.swift; sourceTree = "<group>"; };
		2CEEBE6C2A2E60AF000A9B8A /* SceneDelegate.swift */ = {isa = PBXFileReference; lastKnownFileType = sourcecode.swift; path = SceneDelegate.swift; sourceTree = "<group>"; };
		2CEEBE6E2A2E60AF000A9B8A /* ViewController.swift */ = {isa = PBXFileReference; lastKnownFileType = sourcecode.swift; path = ViewController.swift; sourceTree = "<group>"; };
		2CEEBE712A2E60AF000A9B8A /* Base */ = {isa = PBXFileReference; lastKnownFileType = file.storyboard; name = Base; path = Base.lproj/Main.storyboard; sourceTree = "<group>"; };
		2CEEBE732A2E60B5000A9B8A /* Assets.xcassets */ = {isa = PBXFileReference; lastKnownFileType = folder.assetcatalog; path = Assets.xcassets; sourceTree = "<group>"; };
		2CEEBE762A2E60B5000A9B8A /* Base */ = {isa = PBXFileReference; lastKnownFileType = file.storyboard; name = Base; path = Base.lproj/LaunchScreen.storyboard; sourceTree = "<group>"; };
		2CEEBE782A2E60B5000A9B8A /* Info.plist */ = {isa = PBXFileReference; lastKnownFileType = text.plist.xml; path = Info.plist; sourceTree = "<group>"; };
		2CEEBE7E2A2E6100000A9B8A /* TestView.swift */ = {isa = PBXFileReference; lastKnownFileType = sourcecode.swift; path = TestView.swift; sourceTree = "<group>"; };
		2CEEBE7F2A2E6100000A9B8A /* TestView.xib */ = {isa = PBXFileReference; lastKnownFileType = file.xib; path = TestView.xib; sourceTree = "<group>"; };
/* End PBXFileReference section */

/* Begin PBXFrameworksBuildPhase section */
		2CEEBE642A2E60AF000A9B8A /* Frameworks */ = {
			isa = PBXFrameworksBuildPhase;
			buildActionMask = 2147483647;
			files = (
			);
			runOnlyForDeploymentPostprocessing = 0;
		};
/* End PBXFrameworksBuildPhase section */

/* Begin PBXGroup section */
		2CEEBE5E2A2E60AF000A9B8A = {
			isa = PBXGroup;
			children = (
				2CEEBE692A2E60AF000A9B8A /* Lesson04_add02 */,
				2CEEBE682A2E60AF000A9B8A /* Products */,
			);
			sourceTree = "<group>";
		};
		2CEEBE682A2E60AF000A9B8A /* Products */ = {
			isa = PBXGroup;
			children = (
				2CEEBE672A2E60AF000A9B8A /* Lesson04_add02.app */,
			);
			name = Products;
			sourceTree = "<group>";
		};
		2CEEBE692A2E60AF000A9B8A /* Lesson04_add02 */ = {
			isa = PBXGroup;
			children = (
				2CEEBE6A2A2E60AF000A9B8A /* AppDelegate.swift */,
				2CEEBE6C2A2E60AF000A9B8A /* SceneDelegate.swift */,
				2CEEBE6E2A2E60AF000A9B8A /* ViewController.swift */,
				2CEEBE702A2E60AF000A9B8A /* Main.storyboard */,
				2CEEBE732A2E60B5000A9B8A /* Assets.xcassets */,
				2CEEBE752A2E60B5000A9B8A /* LaunchScreen.storyboard */,
				2CEEBE782A2E60B5000A9B8A /* Info.plist */,
				2CEEBE7F2A2E6100000A9B8A /* TestView.xib */,
				2CEEBE7E2A2E6100000A9B8A /* TestView.swift */,
			);
			path = Lesson04_add02;
			sourceTree = "<group>";
		};
/* End PBXGroup section */

/* Begin PBXNativeTarget section */
		2CEEBE662A2E60AF000A9B8A /* Lesson04_add02 */ = {
			isa = PBXNativeTarget;
			buildConfigurationList = 2CEEBE7B2A2E60B5000A9B8A /* Build configuration list for PBXNativeTarget "Lesson04_add02" */;
			buildPhases = (
				2CEEBE632A2E60AF000A9B8A /* Sources */,
				2CEEBE642A2E60AF000A9B8A /* Frameworks */,
				2CEEBE652A2E60AF000A9B8A /* Resources */,
			);
			buildRules = (
			);
			dependencies = (
			);
			name = Lesson04_add02;
			productName = Lesson04_add02;
			productReference = 2CEEBE672A2E60AF000A9B8A /* Lesson04_add02.app */;
			productType = "com.apple.product-type.application";
		};
/* End PBXNativeTarget section */

/* Begin PBXProject section */
		2CEEBE5F2A2E60AF000A9B8A /* Project object */ = {
			isa = PBXProject;
			attributes = {
				BuildIndependentTargetsInParallel = 1;
				LastSwiftUpdateCheck = 1410;
				LastUpgradeCheck = 1410;
				TargetAttributes = {
					2CEEBE662A2E60AF000A9B8A = {
						CreatedOnToolsVersion = 14.1;
					};
				};
			};
			buildConfigurationList = 2CEEBE622A2E60AF000A9B8A /* Build configuration list for PBXProject "Lesson04_add02" */;
			compatibilityVersion = "Xcode 14.0";
			developmentRegion = en;
			hasScannedForEncodings = 0;
			knownRegions = (
				en,
				Base,
			);
			mainGroup = 2CEEBE5E2A2E60AF000A9B8A;
			productRefGroup = 2CEEBE682A2E60AF000A9B8A /* Products */;
			projectDirPath = "";
			projectRoot = "";
			targets = (
				2CEEBE662A2E60AF000A9B8A /* Lesson04_add02 */,
			);
		};
/* End PBXProject section */

/* Begin PBXResourcesBuildPhase section */
		2CEEBE652A2E60AF000A9B8A /* Resources */ = {
			isa = PBXResourcesBuildPhase;
			buildActionMask = 2147483647;
			files = (
				2CEEBE812A2E6100000A9B8A /* TestView.xib in Resources */,
				2CEEBE772A2E60B5000A9B8A /* LaunchScreen.storyboard in Resources */,
				2CEEBE742A2E60B5000A9B8A /* Assets.xcassets in Resources */,
				2CEEBE722A2E60AF000A9B8A /* Main.storyboard in Resources */,
			);
			runOnlyForDeploymentPostprocessing = 0;
		};
/* End PBXResourcesBuildPhase section */

/* Begin PBXSourcesBuildPhase section */
		2CEEBE632A2E60AF000A9B8A /* Sources */ = {
			isa = PBXSourcesBuildPhase;
			buildActionMask = 2147483647;
			files = (
				2CEEBE802A2E6100000A9B8A /* TestView.swift in Sources */,
				2CEEBE6F2A2E60AF000A9B8A /* ViewController.swift in Sources */,
				2CEEBE6B2A2E60AF000A9B8A /* AppDelegate.swift in Sources */,
				2CEEBE6D2A2E60AF000A9B8A /* SceneDelegate.swift in Sources */,
			);
			runOnlyForDeploymentPostprocessing = 0;
		};
/* End PBXSourcesBuildPhase section */

/* Begin PBXVariantGroup section */
		2CEEBE702A2E60AF000A9B8A /* Main.storyboard */ = {
			isa = PBXVariantGroup;
			children = (
				2CEEBE712A2E60AF000A9B8A /* Base */,
			);
			name = Main.storyboard;
			sourceTree = "<group>";
		};
		2CEEBE752A2E60B5000A9B8A /* LaunchScreen.storyboard */ = {
			isa = PBXVariantGroup;
			children = (
				2CEEBE762A2E60B5000A9B8A /* Base */,
			);
			name = LaunchScreen.storyboard;
			sourceTree = "<group>";
		};
/* End PBXVariantGroup section */

/* Begin XCBuildConfiguration section */
		2CEEBE792A2E60B5000A9B8A /* Debug */ = {
			isa = XCBuildConfiguration;
			buildSettings = {
				ALWAYS_SEARCH_USER_PATHS = NO;
				CLANG_ANALYZER_NONNULL = YES;
				CLANG_ANALYZER_NUMBER_OBJECT_CONVERSION = YES_AGGRESSIVE;
				CLANG_CXX_LANGUAGE_STANDARD = "gnu++20";
				CLANG_ENABLE_MODULES = YES;
				CLANG_ENABLE_OBJC_ARC = YES;
				CLANG_ENABLE_OBJC_WEAK = YES;
				CLANG_WARN_BLOCK_CAPTURE_AUTORELEASING = YES;
				CLANG_WARN_BOOL_CONVERSION = YES;
				CLANG_WARN_COMMA = YES;
				CLANG_WARN_CONSTANT_CONVERSION = YES;
				CLANG_WARN_DEPRECATED_OBJC_IMPLEMENTATIONS = YES;
				CLANG_WARN_DIRECT_OBJC_ISA_USAGE = YES_ERROR;
				CLANG_WARN_DOCUMENTATION_COMMENTS = YES;
				CLANG_WARN_EMPTY_BODY = YES;
				CLANG_WARN_ENUM_CONVERSION = YES;
				CLANG_WARN_INFINITE_RECURSION = YES;
				CLANG_WARN_INT_CONVERSION = YES;
				CLANG_WARN_NON_LITERAL_NULL_CONVERSION = YES;
				CLANG_WARN_OBJC_IMPLICIT_RETAIN_SELF = YES;
				CLANG_WARN_OBJC_LITERAL_CONVERSION = YES;
				CLANG_WARN_OBJC_ROOT_CLASS = YES_ERROR;
				CLANG_WARN_QUOTED_INCLUDE_IN_FRAMEWORK_HEADER = YES;
				CLANG_WARN_RANGE_LOOP_ANALYSIS = YES;
				CLANG_WARN_STRICT_PROTOTYPES = YES;
				CLANG_WARN_SUSPICIOUS_MOVE = YES;
				CLANG_WARN_UNGUARDED_AVAILABILITY = YES_AGGRESSIVE;
				CLANG_WARN_UNREACHABLE_CODE = YES;
				CLANG_WARN__DUPLICATE_METHOD_MATCH = YES;
				COPY_PHASE_STRIP = NO;
				DEBUG_INFORMATION_FORMAT = dwarf;
				ENABLE_STRICT_OBJC_MSGSEND = YES;
				ENABLE_TESTABILITY = YES;
				GCC_C_LANGUAGE_STANDARD = gnu11;
				GCC_DYNAMIC_NO_PIC = NO;
				GCC_NO_COMMON_BLOCKS = YES;
				GCC_OPTIMIZATION_LEVEL = 0;
				GCC_PREPROCESSOR_DEFINITIONS = (
					"DEBUG=1",
					"$(inherited)",
				);
				GCC_WARN_64_TO_32_BIT_CONVERSION = YES;
				GCC_WARN_ABOUT_RETURN_TYPE = YES_ERROR;
				GCC_WARN_UNDECLARED_SELECTOR = YES;
				GCC_WARN_UNINITIALIZED_AUTOS = YES_AGGRESSIVE;
				GCC_WARN_UNUSED_FUNCTION = YES;
				GCC_WARN_UNUSED_VARIABLE = YES;
				IPHONEOS_DEPLOYMENT_TARGET = 16.1;
				MTL_ENABLE_DEBUG_INFO = INCLUDE_SOURCE;
				MTL_FAST_MATH = YES;
				ONLY_ACTIVE_ARCH = YES;
				SDKROOT = iphoneos;
				SWIFT_ACTIVE_COMPILATION_CONDITIONS = DEBUG;
				SWIFT_OPTIMIZATION_LEVEL = "-Onone";
			};
			name = Debug;
		};
		2CEEBE7A2A2E60B5000A9B8A /* Release */ = {
			isa = XCBuildConfiguration;
			buildSettings = {
				ALWAYS_SEARCH_USER_PATHS = NO;
				CLANG_ANALYZER_NONNULL = YES;
				CLANG_ANALYZER_NUMBER_OBJECT_CONVERSION = YES_AGGRESSIVE;
				CLANG_CXX_LANGUAGE_STANDARD = "gnu++20";
				CLANG_ENABLE_MODULES = YES;
				CLANG_ENABLE_OBJC_ARC = YES;
				CLANG_ENABLE_OBJC_WEAK = YES;
				CLANG_WARN_BLOCK_CAPTURE_AUTORELEASING = YES;
				CLANG_WARN_BOOL_CONVERSION = YES;
				CLANG_WARN_COMMA = YES;
				CLANG_WARN_CONSTANT_CONVERSION = YES;
				CLANG_WARN_DEPRECATED_OBJC_IMPLEMENTATIONS = YES;
				CLANG_WARN_DIRECT_OBJC_ISA_USAGE = YES_ERROR;
				CLANG_WARN_DOCUMENTATION_COMMENTS = YES;
				CLANG_WARN_EMPTY_BODY = YES;
				CLANG_WARN_ENUM_CONVERSION = YES;
				CLANG_WARN_INFINITE_RECURSION = YES;
				CLANG_WARN_INT_CONVERSION = YES;
				CLANG_WARN_NON_LITERAL_NULL_CONVERSION = YES;
				CLANG_WARN_OBJC_IMPLICIT_RETAIN_SELF = YES;
				CLANG_WARN_OBJC_LITERAL_CONVERSION = YES;
				CLANG_WARN_OBJC_ROOT_CLASS = YES_ERROR;
				CLANG_WARN_QUOTED_INCLUDE_IN_FRAMEWORK_HEADER = YES;
				CLANG_WARN_RANGE_LOOP_ANALYSIS = YES;
				CLANG_WARN_STRICT_PROTOTYPES = YES;
				CLANG_WARN_SUSPICIOUS_MOVE = YES;
				CLANG_WARN_UNGUARDED_AVAILABILITY = YES_AGGRESSIVE;
				CLANG_WARN_UNREACHABLE_CODE = YES;
				CLANG_WARN__DUPLICATE_METHOD_MATCH = YES;
				COPY_PHASE_STRIP = NO;
				DEBUG_INFORMATION_FORMAT = "dwarf-with-dsym";
				ENABLE_NS_ASSERTIONS = NO;
				ENABLE_STRICT_OBJC_MSGSEND = YES;
				GCC_C_LANGUAGE_STANDARD = gnu11;
				GCC_NO_COMMON_BLOCKS = YES;
				GCC_WARN_64_TO_32_BIT_CONVERSION = YES;
				GCC_WARN_ABOUT_RETURN_TYPE = YES_ERROR;
				GCC_WARN_UNDECLARED_SELECTOR = YES;
				GCC_WARN_UNINITIALIZED_AUTOS = YES_AGGRESSIVE;
				GCC_WARN_UNUSED_FUNCTION = YES;
				GCC_WARN_UNUSED_VARIABLE = YES;
				IPHONEOS_DEPLOYMENT_TARGET = 16.1;
				MTL_ENABLE_DEBUG_INFO = NO;
				MTL_FAST_MATH = YES;
				SDKROOT = iphoneos;
				SWIFT_COMPILATION_MODE = wholemodule;
				SWIFT_OPTIMIZATION_LEVEL = "-O";
				VALIDATE_PRODUCT = YES;
			};
			name = Release;
		};
		2CEEBE7C2A2E60B5000A9B8A /* Debug */ = {
			isa = XCBuildConfiguration;
			buildSettings = {
				ASSETCATALOG_COMPILER_APPICON_NAME = AppIcon;
				ASSETCATALOG_COMPILER_GLOBAL_ACCENT_COLOR_NAME = AccentColor;
				CODE_SIGN_STYLE = Automatic;
				CURRENT_PROJECT_VERSION = 1;
				GENERATE_INFOPLIST_FILE = YES;
				INFOPLIST_FILE = Lesson04_add02/Info.plist;
				INFOPLIST_KEY_UIApplicationSupportsIndirectInputEvents = YES;
				INFOPLIST_KEY_UILaunchStoryboardName = LaunchScreen;
				INFOPLIST_KEY_UIMainStoryboardFile = Main;
				INFOPLIST_KEY_UISupportedInterfaceOrientations_iPad = "UIInterfaceOrientationPortrait UIInterfaceOrientationPortraitUpsideDown UIInterfaceOrientationLandscapeLeft UIInterfaceOrientationLandscapeRight";
				INFOPLIST_KEY_UISupportedInterfaceOrientations_iPhone = "UIInterfaceOrientationPortrait UIInterfaceOrientationLandscapeLeft UIInterfaceOrientationLandscapeRight";
				LD_RUNPATH_SEARCH_PATHS = (
					"$(inherited)",
					"@executable_path/Frameworks",
				);
				MARKETING_VERSION = 1.0;
				PRODUCT_BUNDLE_IDENTIFIER = "-23.Lesson04-add02";
				PRODUCT_NAME = "$(TARGET_NAME)";
				SWIFT_EMIT_LOC_STRINGS = YES;
				SWIFT_VERSION = 5.0;
				TARGETED_DEVICE_FAMILY = "1,2";
			};
			name = Debug;
		};
		2CEEBE7D2A2E60B5000A9B8A /* Release */ = {
			isa = XCBuildConfiguration;
			buildSettings = {
				ASSETCATALOG_COMPILER_APPICON_NAME = AppIcon;
				ASSETCATALOG_COMPILER_GLOBAL_ACCENT_COLOR_NAME = AccentColor;
				CODE_SIGN_STYLE = Automatic;
				CURRENT_PROJECT_VERSION = 1;
				GENERATE_INFOPLIST_FILE = YES;
				INFOPLIST_FILE = Lesson04_add02/Info.plist;
				INFOPLIST_KEY_UIApplicationSupportsIndirectInputEvents = YES;
				INFOPLIST_KEY_UILaunchStoryboardName = LaunchScreen;
				INFOPLIST_KEY_UIMainStoryboardFile = Main;
				INFOPLIST_KEY_UISupportedInterfaceOrientations_iPad = "UIInterfaceOrientationPortrait UIInterfaceOrientationPortraitUpsideDown UIInterfaceOrientationLandscapeLeft UIInterfaceOrientationLandscapeRight";
				INFOPLIST_KEY_UISupportedInterfaceOrientations_iPhone = "UIInterfaceOrientationPortrait UIInterfaceOrientationLandscapeLeft UIInterfaceOrientationLandscapeRight";
				LD_RUNPATH_SEARCH_PATHS = (
					"$(inherited)",
					"@executable_path/Frameworks",
				);
				MARKETING_VERSION = 1.0;
				PRODUCT_BUNDLE_IDENTIFIER = "-23.Lesson04-add02";
				PRODUCT_NAME = "$(TARGET_NAME)";
				SWIFT_EMIT_LOC_STRINGS = YES;
				SWIFT_VERSION = 5.0;
				TARGETED_DEVICE_FAMILY = "1,2";
			};
			name = Release;
		};
/* End XCBuildConfiguration section */

/* Begin XCConfigurationList section */
		2CEEBE622A2E60AF000A9B8A /* Build configuration list for PBXProject "Lesson04_add02" */ = {
			isa = XCConfigurationList;
			buildConfigurations = (
				2CEEBE792A2E60B5000A9B8A /* Debug */,
				2CEEBE7A2A2E60B5000A9B8A /* Release */,
			);
			defaultConfigurationIsVisible = 0;
			defaultConfigurationName = Release;
		};
		2CEEBE7B2A2E60B5000A9B8A /* Build configuration list for PBXNativeTarget "Lesson04_add02" */ = {
			isa = XCConfigurationList;
			buildConfigurations = (
				2CEEBE7C2A2E60B5000A9B8A /* Debug */,
				2CEEBE7D2A2E60B5000A9B8A /* Release */,
			);
			defaultConfigurationIsVisible = 0;
			defaultConfigurationName = Release;
		};
/* End XCConfigurationList section */
	};
	rootObject = 2CEEBE5F2A2E60AF000A9B8A /* Project object */;
}
